
Microsoft Visual Studio Solution File, Format Version 12.00
# Visual Studio Version 17
VisualStudioVersion = 17.5.33627.172
MinimumVisualStudioVersion = 10.0.40219.1
Project("{FAE04EC0-301F-11D3-BF4B-00C04F79EFBC}") = "ExerS5", "ExerS5\ExerS5.csproj", "{F7BDA3C2-0B84-48D9-8591-159CBD7183CF}"
EndProject
Global
	GlobalSection(SolutionConfigurationPlatforms) = preSolution
		Debug|Any CPU = Debug|Any CPU
		Release|Any CPU = Release|Any CPU
	EndGlobalSection
	GlobalSection(ProjectConfigurationPlatforms) = postSolution
		{F7BDA3C2-0B84-48D9-8591-159CBD7183CF}.Debug|Any CPU.ActiveCfg = Debug|Any CPU
		{F7BDA3C2-0B84-48D9-8591-159CBD7183CF}.Debug|Any CPU.Build.0 = Debug|Any CPU
		{F7BDA3C2-0B84-48D9-8591-159CBD7183CF}.Release|Any CPU.ActiveCfg = Release|Any CPU
		{F7BDA3C2-0B84-48D9-8591-159CBD7183CF}.Release|Any CPU.Build.0 = Release|Any CPU
	EndGlobalSection
	GlobalSection(SolutionProperties) = preSolution
		HideSolutionNode = FALSE
	EndGlobalSection
	GlobalSection(ExtensibilityGlobals) = postSolution
		SolutionGuid = {E5448817-7B33-4AB4-AD78-A58346DD0672}
	EndGlobalSection
EndGlobal
