
Microsoft Visual Studio Solution File, Format Version 12.00
# Visual Studio Version 17
VisualStudioVersion = 17.5.33627.172
MinimumVisualStudioVersion = 10.0.40219.1
Project("{FAE04EC0-301F-11D3-BF4B-00C04F79EFBC}") = "ExerVet", "ExerVet\ExerVet.csproj", "{F1D98342-0D5B-405E-98D4-28B24B19BA28}"
EndProject
Global
	GlobalSection(SolutionConfigurationPlatforms) = preSolution
		Debug|Any CPU = Debug|Any CPU
		Release|Any CPU = Release|Any CPU
	EndGlobalSection
	GlobalSection(ProjectConfigurationPlatforms) = postSolution
		{F1D98342-0D5B-405E-98D4-28B24B19BA28}.Debug|Any CPU.ActiveCfg = Debug|Any CPU
		{F1D98342-0D5B-405E-98D4-28B24B19BA28}.Debug|Any CPU.Build.0 = Debug|Any CPU
		{F1D98342-0D5B-405E-98D4-28B24B19BA28}.Release|Any CPU.ActiveCfg = Release|Any CPU
		{F1D98342-0D5B-405E-98D4-28B24B19BA28}.Release|Any CPU.Build.0 = Release|Any CPU
	EndGlobalSection
	GlobalSection(SolutionProperties) = preSolution
		HideSolutionNode = FALSE
	EndGlobalSection
	GlobalSection(ExtensibilityGlobals) = postSolution
		SolutionGuid = {00BFAF51-BE24-4D33-96D4-02EEF51F94E2}
	EndGlobalSection
EndGlobal
