
Microsoft Visual Studio Solution File, Format Version 12.00
# Visual Studio Version 17
VisualStudioVersion = 17.5.33627.172
MinimumVisualStudioVersion = 10.0.40219.1
Project("{FAE04EC0-301F-11D3-BF4B-00C04F79EFBC}") = "Exer33", "Exer33\Exer33.csproj", "{035C2478-9BEC-48B2-B075-064EBC8A083D}"
EndProject
Global
	GlobalSection(SolutionConfigurationPlatforms) = preSolution
		Debug|Any CPU = Debug|Any CPU
		Release|Any CPU = Release|Any CPU
	EndGlobalSection
	GlobalSection(ProjectConfigurationPlatforms) = postSolution
		{035C2478-9BEC-48B2-B075-064EBC8A083D}.Debug|Any CPU.ActiveCfg = Debug|Any CPU
		{035C2478-9BEC-48B2-B075-064EBC8A083D}.Debug|Any CPU.Build.0 = Debug|Any CPU
		{035C2478-9BEC-48B2-B075-064EBC8A083D}.Release|Any CPU.ActiveCfg = Release|Any CPU
		{035C2478-9BEC-48B2-B075-064EBC8A083D}.Release|Any CPU.Build.0 = Release|Any CPU
	EndGlobalSection
	GlobalSection(SolutionProperties) = preSolution
		HideSolutionNode = FALSE
	EndGlobalSection
	GlobalSection(ExtensibilityGlobals) = postSolution
		SolutionGuid = {867F9709-8EA9-4ED7-B7EB-BAE1A1C09E6E}
	EndGlobalSection
EndGlobal
