
Microsoft Visual Studio Solution File, Format Version 12.00
# Visual Studio Version 17
VisualStudioVersion = 17.5.33627.172
MinimumVisualStudioVersion = 10.0.40219.1
Project("{FAE04EC0-301F-11D3-BF4B-00C04F79EFBC}") = "Exer41", "Exer41\Exer41.csproj", "{09DCF899-2F25-4ABB-8785-42EB1C426249}"
EndProject
Global
	GlobalSection(SolutionConfigurationPlatforms) = preSolution
		Debug|Any CPU = Debug|Any CPU
		Release|Any CPU = Release|Any CPU
	EndGlobalSection
	GlobalSection(ProjectConfigurationPlatforms) = postSolution
		{09DCF899-2F25-4ABB-8785-42EB1C426249}.Debug|Any CPU.ActiveCfg = Debug|Any CPU
		{09DCF899-2F25-4ABB-8785-42EB1C426249}.Debug|Any CPU.Build.0 = Debug|Any CPU
		{09DCF899-2F25-4ABB-8785-42EB1C426249}.Release|Any CPU.ActiveCfg = Release|Any CPU
		{09DCF899-2F25-4ABB-8785-42EB1C426249}.Release|Any CPU.Build.0 = Release|Any CPU
	EndGlobalSection
	GlobalSection(SolutionProperties) = preSolution
		HideSolutionNode = FALSE
	EndGlobalSection
	GlobalSection(ExtensibilityGlobals) = postSolution
		SolutionGuid = {C6F1F76D-AD22-42E2-8881-76D7486C03F3}
	EndGlobalSection
EndGlobal
