
Microsoft Visual Studio Solution File, Format Version 12.00
# Visual Studio Version 17
VisualStudioVersion = 17.5.33627.172
MinimumVisualStudioVersion = 10.0.40219.1
Project("{FAE04EC0-301F-11D3-BF4B-00C04F79EFBC}") = "ExerNum1", "ExerNum1\ExerNum1.csproj", "{F0CAD41B-309E-41C2-9603-96C8B2897AF3}"
EndProject
Global
	GlobalSection(SolutionConfigurationPlatforms) = preSolution
		Debug|Any CPU = Debug|Any CPU
		Release|Any CPU = Release|Any CPU
	EndGlobalSection
	GlobalSection(ProjectConfigurationPlatforms) = postSolution
		{F0CAD41B-309E-41C2-9603-96C8B2897AF3}.Debug|Any CPU.ActiveCfg = Debug|Any CPU
		{F0CAD41B-309E-41C2-9603-96C8B2897AF3}.Debug|Any CPU.Build.0 = Debug|Any CPU
		{F0CAD41B-309E-41C2-9603-96C8B2897AF3}.Release|Any CPU.ActiveCfg = Release|Any CPU
		{F0CAD41B-309E-41C2-9603-96C8B2897AF3}.Release|Any CPU.Build.0 = Release|Any CPU
	EndGlobalSection
	GlobalSection(SolutionProperties) = preSolution
		HideSolutionNode = FALSE
	EndGlobalSection
	GlobalSection(ExtensibilityGlobals) = postSolution
		SolutionGuid = {016B201A-E361-4F5E-B865-491ECBCAAEB1}
	EndGlobalSection
EndGlobal
