
Microsoft Visual Studio Solution File, Format Version 12.00
# Visual Studio Version 17
VisualStudioVersion = 17.5.33627.172
MinimumVisualStudioVersion = 10.0.40219.1
Project("{FAE04EC0-301F-11D3-BF4B-00C04F79EFBC}") = "Saida", "Saida\Saida.csproj", "{5042A621-08F6-4C54-86C1-69DE4968F3B6}"
EndProject
Global
	GlobalSection(SolutionConfigurationPlatforms) = preSolution
		Debug|Any CPU = Debug|Any CPU
		Release|Any CPU = Release|Any CPU
	EndGlobalSection
	GlobalSection(ProjectConfigurationPlatforms) = postSolution
		{5042A621-08F6-4C54-86C1-69DE4968F3B6}.Debug|Any CPU.ActiveCfg = Debug|Any CPU
		{5042A621-08F6-4C54-86C1-69DE4968F3B6}.Debug|Any CPU.Build.0 = Debug|Any CPU
		{5042A621-08F6-4C54-86C1-69DE4968F3B6}.Release|Any CPU.ActiveCfg = Release|Any CPU
		{5042A621-08F6-4C54-86C1-69DE4968F3B6}.Release|Any CPU.Build.0 = Release|Any CPU
	EndGlobalSection
	GlobalSection(SolutionProperties) = preSolution
		HideSolutionNode = FALSE
	EndGlobalSection
	GlobalSection(ExtensibilityGlobals) = postSolution
		SolutionGuid = {54666F4D-1BAB-4BE0-9734-12343B2E586E}
	EndGlobalSection
EndGlobal
